
Microsoft Visual Studio Solution File, Format Version 12.00
# Visual Studio 14
VisualStudioVersion = 14.0.25420.1
MinimumVisualStudioVersion = 10.0.40219.1
Project("{FAE04EC0-301F-11D3-BF4B-00C04F79EFBC}") = "EncriptionAlgorithms.Test", "Algorithms.Test\EncriptionAlgorithms.Test.csproj", "{FE6168E8-731A-416D-88E7-1FC0171F1B4B}"
EndProject
Project("{FAE04EC0-301F-11D3-BF4B-00C04F79EFBC}") = "EncriptionAlgorithms", "EncriptionAlgorithms\EncriptionAlgorithms.csproj", "{BAED5651-C554-47D1-B55B-B6774A85D488}"
EndProject
Project("{FAE04EC0-301F-11D3-BF4B-00C04F79EFBC}") = "EncriptionAlgorithms.Web", "EncriptionAlgorithms.Web\EncriptionAlgorithms.Web.csproj", "{0A26AB47-F025-40AD-A76B-BB6F504953C3}"
EndProject
Global
	GlobalSection(SolutionConfigurationPlatforms) = preSolution
		Debug|Any CPU = Debug|Any CPU
		Release|Any CPU = Release|Any CPU
	EndGlobalSection
	GlobalSection(ProjectConfigurationPlatforms) = postSolution
		{FE6168E8-731A-416D-88E7-1FC0171F1B4B}.Debug|Any CPU.ActiveCfg = Debug|Any CPU
		{FE6168E8-731A-416D-88E7-1FC0171F1B4B}.Debug|Any CPU.Build.0 = Debug|Any CPU
		{FE6168E8-731A-416D-88E7-1FC0171F1B4B}.Release|Any CPU.ActiveCfg = Release|Any CPU
		{FE6168E8-731A-416D-88E7-1FC0171F1B4B}.Release|Any CPU.Build.0 = Release|Any CPU
		{BAED5651-C554-47D1-B55B-B6774A85D488}.Debug|Any CPU.ActiveCfg = Debug|Any CPU
		{BAED5651-C554-47D1-B55B-B6774A85D488}.Debug|Any CPU.Build.0 = Debug|Any CPU
		{BAED5651-C554-47D1-B55B-B6774A85D488}.Release|Any CPU.ActiveCfg = Release|Any CPU
		{BAED5651-C554-47D1-B55B-B6774A85D488}.Release|Any CPU.Build.0 = Release|Any CPU
		{0A26AB47-F025-40AD-A76B-BB6F504953C3}.Debug|Any CPU.ActiveCfg = Debug|Any CPU
		{0A26AB47-F025-40AD-A76B-BB6F504953C3}.Debug|Any CPU.Build.0 = Debug|Any CPU
		{0A26AB47-F025-40AD-A76B-BB6F504953C3}.Release|Any CPU.ActiveCfg = Release|Any CPU
		{0A26AB47-F025-40AD-A76B-BB6F504953C3}.Release|Any CPU.Build.0 = Release|Any CPU
	EndGlobalSection
	GlobalSection(SolutionProperties) = preSolution
		HideSolutionNode = FALSE
	EndGlobalSection
EndGlobal
